// !$*UTF8*$!
{
	archiveVersion = 1;
	classes = {
	};
	objectVersion = 46;
	objects = {

/* Begin PBXBuildFile section */
		64865AEA1F30696E00CADA4F /* AppDelegate.swift in Sources */ = {isa = PBXBuildFile; fileRef = 64865AE91F30696E00CADA4F /* AppDelegate.swift */; };
		64865AEC1F30696E00CADA4F /* ViewController.swift in Sources */ = {isa = PBXBuildFile; fileRef = 64865AEB1F30696E00CADA4F /* ViewController.swift */; };
		64865AEF1F30696E00CADA4F /* Main.storyboard in Resources */ = {isa = PBXBuildFile; fileRef = 64865AED1F30696E00CADA4F /* Main.storyboard */; };
		64865AF11F30696E00CADA4F /* Assets.xcassets in Resources */ = {isa = PBXBuildFile; fileRef = 64865AF01F30696E00CADA4F /* Assets.xcassets */; };
		64865AF41F30696E00CADA4F /* LaunchScreen.storyboard in Resources */ = {isa = PBXBuildFile; fileRef = 64865AF21F30696E00CADA4F /* LaunchScreen.storyboard */; };
		64865AFF1F30696E00CADA4F /* TableViewTests.swift in Sources */ = {isa = PBXBuildFile; fileRef = 64865AFE1F30696E00CADA4F /* TableViewTests.swift */; };
		64865B0A1F30696E00CADA4F /* TableViewUITests.swift in Sources */ = {isa = PBXBuildFile; fileRef = 64865B091F30696E00CADA4F /* TableViewUITests.swift */; };
/* End PBXBuildFile section */

/* Begin PBXContainerItemProxy section */
		64865AFB1F30696E00CADA4F /* PBXContainerItemProxy */ = {
			isa = PBXContainerItemProxy;
			containerPortal = 64865ADE1F30696E00CADA4F /* Project object */;
			proxyType = 1;
			remoteGlobalIDString = 64865AE51F30696E00CADA4F;
			remoteInfo = TableView;
		};
		64865B061F30696E00CADA4F /* PBXContainerItemProxy */ = {
			isa = PBXContainerItemProxy;
			containerPortal = 64865ADE1F30696E00CADA4F /* Project object */;
			proxyType = 1;
			remoteGlobalIDString = 64865AE51F30696E00CADA4F;
			remoteInfo = TableView;
		};
/* End PBXContainerItemProxy section */

/* Begin PBXFileReference section */
		64865AE61F30696E00CADA4F /* TableView.app */ = {isa = PBXFileReference; explicitFileType = wrapper.application; includeInIndex = 0; path = TableView.app; sourceTree = BUILT_PRODUCTS_DIR; };
		64865AE91F30696E00CADA4F /* AppDelegate.swift */ = {isa = PBXFileReference; lastKnownFileType = sourcecode.swift; path = AppDelegate.swift; sourceTree = "<group>"; };
		64865AEB1F30696E00CADA4F /* ViewController.swift */ = {isa = PBXFileReference; lastKnownFileType = sourcecode.swift; path = ViewController.swift; sourceTree = "<group>"; };
		64865AEE1F30696E00CADA4F /* Base */ = {isa = PBXFileReference; lastKnownFileType = file.storyboard; name = Base; path = Base.lproj/Main.storyboard; sourceTree = "<group>"; };
		64865AF01F30696E00CADA4F /* Assets.xcassets */ = {isa = PBXFileReference; lastKnownFileType = folder.assetcatalog; path = Assets.xcassets; sourceTree = "<group>"; };
		64865AF31F30696E00CADA4F /* Base */ = {isa = PBXFileReference; lastKnownFileType = file.storyboard; name = Base; path = Base.lproj/LaunchScreen.storyboard; sourceTree = "<group>"; };
		64865AF51F30696E00CADA4F /* Info.plist */ = {isa = PBXFileReference; lastKnownFileType = text.plist.xml; path = Info.plist; sourceTree = "<group>"; };
		64865AFA1F30696E00CADA4F /* TableViewTests.xctest */ = {isa = PBXFileReference; explicitFileType = wrapper.cfbundle; includeInIndex = 0; path = TableViewTests.xctest; sourceTree = BUILT_PRODUCTS_DIR; };
		64865AFE1F30696E00CADA4F /* TableViewTests.swift */ = {isa = PBXFileReference; lastKnownFileType = sourcecode.swift; path = TableViewTests.swift; sourceTree = "<group>"; };
		64865B001F30696E00CADA4F /* Info.plist */ = {isa = PBXFileReference; lastKnownFileType = text.plist.xml; path = Info.plist; sourceTree = "<group>"; };
		64865B051F30696E00CADA4F /* TableViewUITests.xctest */ = {isa = PBXFileReference; explicitFileType = wrapper.cfbundle; includeInIndex = 0; path = TableViewUITests.xctest; sourceTree = BUILT_PRODUCTS_DIR; };
		64865B091F30696E00CADA4F /* TableViewUITests.swift */ = {isa = PBXFileReference; lastKnownFileType = sourcecode.swift; path = TableViewUITests.swift; sourceTree = "<group>"; };
		64865B0B1F30696E00CADA4F /* Info.plist */ = {isa = PBXFileReference; lastKnownFileType = text.plist.xml; path = Info.plist; sourceTree = "<group>"; };
/* End PBXFileReference section */

/* Begin PBXFrameworksBuildPhase section */
		64865AE31F30696E00CADA4F /* Frameworks */ = {
			isa = PBXFrameworksBuildPhase;
			buildActionMask = 2147483647;
			files = (
			);
			runOnlyForDeploymentPostprocessing = 0;
		};
		64865AF71F30696E00CADA4F /* Frameworks */ = {
			isa = PBXFrameworksBuildPhase;
			buildActionMask = 2147483647;
			files = (
			);
			runOnlyForDeploymentPostprocessing = 0;
		};
		64865B021F30696E00CADA4F /* Frameworks */ = {
			isa = PBXFrameworksBuildPhase;
			buildActionMask = 2147483647;
			files = (
			);
			runOnlyForDeploymentPostprocessing = 0;
		};
/* End PBXFrameworksBuildPhase section */

/* Begin PBXGroup section */
		64865ADD1F30696E00CADA4F = {
			isa = PBXGroup;
			children = (
				64865AE81F30696E00CADA4F /* TableView */,
				64865AFD1F30696E00CADA4F /* TableViewTests */,
				64865B081F30696E00CADA4F /* TableViewUITests */,
				64865AE71F30696E00CADA4F /* Products */,
			);
			sourceTree = "<group>";
		};
		64865AE71F30696E00CADA4F /* Products */ = {
			isa = PBXGroup;
			children = (
				64865AE61F30696E00CADA4F /* TableView.app */,
				64865AFA1F30696E00CADA4F /* TableViewTests.xctest */,
				64865B051F30696E00CADA4F /* TableViewUITests.xctest */,
			);
			name = Products;
			sourceTree = "<group>";
		};
		64865AE81F30696E00CADA4F /* TableView */ = {
			isa = PBXGroup;
			children = (
				64865AE91F30696E00CADA4F /* AppDelegate.swift */,
				64865AEB1F30696E00CADA4F /* ViewController.swift */,
				64865AED1F30696E00CADA4F /* Main.storyboard */,
				64865AF01F30696E00CADA4F /* Assets.xcassets */,
				64865AF21F30696E00CADA4F /* LaunchScreen.storyboard */,
				64865AF51F30696E00CADA4F /* Info.plist */,
			);
			path = TableView;
			sourceTree = "<group>";
		};
		64865AFD1F30696E00CADA4F /* TableViewTests */ = {
			isa = PBXGroup;
			children = (
				64865AFE1F30696E00CADA4F /* TableViewTests.swift */,
				64865B001F30696E00CADA4F /* Info.plist */,
			);
			path = TableViewTests;
			sourceTree = "<group>";
		};
		64865B081F30696E00CADA4F /* TableViewUITests */ = {
			isa = PBXGroup;
			children = (
				64865B091F30696E00CADA4F /* TableViewUITests.swift */,
				64865B0B1F30696E00CADA4F /* Info.plist */,
			);
			path = TableViewUITests;
			sourceTree = "<group>";
		};
/* End PBXGroup section */

/* Begin PBXNativeTarget section */
		64865AE51F30696E00CADA4F /* TableView */ = {
			isa = PBXNativeTarget;
			buildConfigurationList = 64865B0E1F30696E00CADA4F /* Build configuration list for PBXNativeTarget "TableView" */;
			buildPhases = (
				64865AE21F30696E00CADA4F /* Sources */,
				64865AE31F30696E00CADA4F /* Frameworks */,
				64865AE41F30696E00CADA4F /* Resources */,
			);
			buildRules = (
			);
			dependencies = (
			);
			name = TableView;
			productName = TableView;
			productReference = 64865AE61F30696E00CADA4F /* TableView.app */;
			productType = "com.apple.product-type.application";
		};
		64865AF91F30696E00CADA4F /* TableViewTests */ = {
			isa = PBXNativeTarget;
			buildConfigurationList = 64865B111F30696E00CADA4F /* Build configuration list for PBXNativeTarget "TableViewTests" */;
			buildPhases = (
				64865AF61F30696E00CADA4F /* Sources */,
				64865AF71F30696E00CADA4F /* Frameworks */,
				64865AF81F30696E00CADA4F /* Resources */,
			);
			buildRules = (
			);
			dependencies = (
				64865AFC1F30696E00CADA4F /* PBXTargetDependency */,
			);
			name = TableViewTests;
			productName = TableViewTests;
			productReference = 64865AFA1F30696E00CADA4F /* TableViewTests.xctest */;
			productType = "com.apple.product-type.bundle.unit-test";
		};
		64865B041F30696E00CADA4F /* TableViewUITests */ = {
			isa = PBXNativeTarget;
			buildConfigurationList = 64865B141F30696E00CADA4F /* Build configuration list for PBXNativeTarget "TableViewUITests" */;
			buildPhases = (
				64865B011F30696E00CADA4F /* Sources */,
				64865B021F30696E00CADA4F /* Frameworks */,
				64865B031F30696E00CADA4F /* Resources */,
			);
			buildRules = (
			);
			dependencies = (
				64865B071F30696E00CADA4F /* PBXTargetDependency */,
			);
			name = TableViewUITests;
			productName = TableViewUITests;
			productReference = 64865B051F30696E00CADA4F /* TableViewUITests.xctest */;
			productType = "com.apple.product-type.bundle.ui-testing";
		};
/* End PBXNativeTarget section */

/* Begin PBXProject section */
		64865ADE1F30696E00CADA4F /* Project object */ = {
			isa = PBXProject;
			attributes = {
				LastSwiftUpdateCheck = 0830;
				LastUpgradeCheck = 0830;
				ORGANIZATIONNAME = nacoda;
				TargetAttributes = {
					64865AE51F30696E00CADA4F = {
						CreatedOnToolsVersion = 8.3.3;
						ProvisioningStyle = Automatic;
					};
					64865AF91F30696E00CADA4F = {
						CreatedOnToolsVersion = 8.3.3;
						ProvisioningStyle = Automatic;
						TestTargetID = 64865AE51F30696E00CADA4F;
					};
					64865B041F30696E00CADA4F = {
						CreatedOnToolsVersion = 8.3.3;
						ProvisioningStyle = Automatic;
						TestTargetID = 64865AE51F30696E00CADA4F;
					};
				};
			};
			buildConfigurationList = 64865AE11F30696E00CADA4F /* Build configuration list for PBXProject "TableView" */;
			compatibilityVersion = "Xcode 3.2";
			developmentRegion = English;
			hasScannedForEncodings = 0;
			knownRegions = (
				en,
				Base,
			);
			mainGroup = 64865ADD1F30696E00CADA4F;
			productRefGroup = 64865AE71F30696E00CADA4F /* Products */;
			projectDirPath = "";
			projectRoot = "";
			targets = (
				64865AE51F30696E00CADA4F /* TableView */,
				64865AF91F30696E00CADA4F /* TableViewTests */,
				64865B041F30696E00CADA4F /* TableViewUITests */,
			);
		};
/* End PBXProject section */

/* Begin PBXResourcesBuildPhase section */
		64865AE41F30696E00CADA4F /* Resources */ = {
			isa = PBXResourcesBuildPhase;
			buildActionMask = 2147483647;
			files = (
				64865AF41F30696E00CADA4F /* LaunchScreen.storyboard in Resources */,
				64865AF11F30696E00CADA4F /* Assets.xcassets in Resources */,
				64865AEF1F30696E00CADA4F /* Main.storyboard in Resources */,
			);
			runOnlyForDeploymentPostprocessing = 0;
		};
		64865AF81F30696E00CADA4F /* Resources */ = {
			isa = PBXResourcesBuildPhase;
			buildActionMask = 2147483647;
			files = (
			);
			runOnlyForDeploymentPostprocessing = 0;
		};
		64865B031F30696E00CADA4F /* Resources */ = {
			isa = PBXResourcesBuildPhase;
			buildActionMask = 2147483647;
			files = (
			);
			runOnlyForDeploymentPostprocessing = 0;
		};
/* End PBXResourcesBuildPhase section */

/* Begin PBXSourcesBuildPhase section */
		64865AE21F30696E00CADA4F /* Sources */ = {
			isa = PBXSourcesBuildPhase;
			buildActionMask = 2147483647;
			files = (
				64865AEC1F30696E00CADA4F /* ViewController.swift in Sources */,
				64865AEA1F30696E00CADA4F /* AppDelegate.swift in Sources */,
			);
			runOnlyForDeploymentPostprocessing = 0;
		};
		64865AF61F30696E00CADA4F /* Sources */ = {
			isa = PBXSourcesBuildPhase;
			buildActionMask = 2147483647;
			files = (
				64865AFF1F30696E00CADA4F /* TableViewTests.swift in Sources */,
			);
			runOnlyForDeploymentPostprocessing = 0;
		};
		64865B011F30696E00CADA4F /* Sources */ = {
			isa = PBXSourcesBuildPhase;
			buildActionMask = 2147483647;
			files = (
				64865B0A1F30696E00CADA4F /* TableViewUITests.swift in Sources */,
			);
			runOnlyForDeploymentPostprocessing = 0;
		};
/* End PBXSourcesBuildPhase section */

/* Begin PBXTargetDependency section */
		64865AFC1F30696E00CADA4F /* PBXTargetDependency */ = {
			isa = PBXTargetDependency;
			target = 64865AE51F30696E00CADA4F /* TableView */;
			targetProxy = 64865AFB1F30696E00CADA4F /* PBXContainerItemProxy */;
		};
		64865B071F30696E00CADA4F /* PBXTargetDependency */ = {
			isa = PBXTargetDependency;
			target = 64865AE51F30696E00CADA4F /* TableView */;
			targetProxy = 64865B061F30696E00CADA4F /* PBXContainerItemProxy */;
		};
/* End PBXTargetDependency section */

/* Begin PBXVariantGroup section */
		64865AED1F30696E00CADA4F /* Main.storyboard */ = {
			isa = PBXVariantGroup;
			children = (
				64865AEE1F30696E00CADA4F /* Base */,
			);
			name = Main.storyboard;
			sourceTree = "<group>";
		};
		64865AF21F30696E00CADA4F /* LaunchScreen.storyboard */ = {
			isa = PBXVariantGroup;
			children = (
				64865AF31F30696E00CADA4F /* Base */,
			);
			name = LaunchScreen.storyboard;
			sourceTree = "<group>";
		};
/* End PBXVariantGroup section */

/* Begin XCBuildConfiguration section */
		64865B0C1F30696E00CADA4F /* Debug */ = {
			isa = XCBuildConfiguration;
			buildSettings = {
				ALWAYS_SEARCH_USER_PATHS = NO;
				CLANG_ANALYZER_NONNULL = YES;
				CLANG_ANALYZER_NUMBER_OBJECT_CONVERSION = YES_AGGRESSIVE;
				CLANG_CXX_LANGUAGE_STANDARD = "gnu++0x";
				CLANG_CXX_LIBRARY = "libc++";
				CLANG_ENABLE_MODULES = YES;
				CLANG_ENABLE_OBJC_ARC = YES;
				CLANG_WARN_BOOL_CONVERSION = YES;
				CLANG_WARN_CONSTANT_CONVERSION = YES;
				CLANG_WARN_DIRECT_OBJC_ISA_USAGE = YES_ERROR;
				CLANG_WARN_DOCUMENTATION_COMMENTS = YES;
				CLANG_WARN_EMPTY_BODY = YES;
				CLANG_WARN_ENUM_CONVERSION = YES;
				CLANG_WARN_INFINITE_RECURSION = YES;
				CLANG_WARN_INT_CONVERSION = YES;
				CLANG_WARN_OBJC_ROOT_CLASS = YES_ERROR;
				CLANG_WARN_SUSPICIOUS_MOVE = YES;
				CLANG_WARN_UNREACHABLE_CODE = YES;
				CLANG_WARN__DUPLICATE_METHOD_MATCH = YES;
				"CODE_SIGN_IDENTITY[sdk=iphoneos*]" = "iPhone Developer";
				COPY_PHASE_STRIP = NO;
				DEBUG_INFORMATION_FORMAT = dwarf;
				ENABLE_STRICT_OBJC_MSGSEND = YES;
				ENABLE_TESTABILITY = YES;
				GCC_C_LANGUAGE_STANDARD = gnu99;
				GCC_DYNAMIC_NO_PIC = NO;
				GCC_NO_COMMON_BLOCKS = YES;
				GCC_OPTIMIZATION_LEVEL = 0;
				GCC_PREPROCESSOR_DEFINITIONS = (
					"DEBUG=1",
					"$(inherited)",
				);
				GCC_WARN_64_TO_32_BIT_CONVERSION = YES;
				GCC_WARN_ABOUT_RETURN_TYPE = YES_ERROR;
				GCC_WARN_UNDECLARED_SELECTOR = YES;
				GCC_WARN_UNINITIALIZED_AUTOS = YES_AGGRESSIVE;
				GCC_WARN_UNUSED_FUNCTION = YES;
				GCC_WARN_UNUSED_VARIABLE = YES;
				IPHONEOS_DEPLOYMENT_TARGET = 10.3;
				MTL_ENABLE_DEBUG_INFO = YES;
				ONLY_ACTIVE_ARCH = YES;
				SDKROOT = iphoneos;
				SWIFT_ACTIVE_COMPILATION_CONDITIONS = DEBUG;
				SWIFT_OPTIMIZATION_LEVEL = "-Onone";
				TARGETED_DEVICE_FAMILY = "1,2";
			};
			name = Debug;
		};
		64865B0D1F30696E00CADA4F /* Release */ = {
			isa = XCBuildConfiguration;
			buildSettings = {
				ALWAYS_SEARCH_USER_PATHS = NO;
				CLANG_ANALYZER_NONNULL = YES;
				CLANG_ANALYZER_NUMBER_OBJECT_CONVERSION = YES_AGGRESSIVE;
				CLANG_CXX_LANGUAGE_STANDARD = "gnu++0x";
				CLANG_CXX_LIBRARY = "libc++";
				CLANG_ENABLE_MODULES = YES;
				CLANG_ENABLE_OBJC_ARC = YES;
				CLANG_WARN_BOOL_CONVERSION = YES;
				CLANG_WARN_CONSTANT_CONVERSION = YES;
				CLANG_WARN_DIRECT_OBJC_ISA_USAGE = YES_ERROR;
				CLANG_WARN_DOCUMENTATION_COMMENTS = YES;
				CLANG_WARN_EMPTY_BODY = YES;
				CLANG_WARN_ENUM_CONVERSION = YES;
				CLANG_WARN_INFINITE_RECURSION = YES;
				CLANG_WARN_INT_CONVERSION = YES;
				CLANG_WARN_OBJC_ROOT_CLASS = YES_ERROR;
				CLANG_WARN_SUSPICIOUS_MOVE = YES;
				CLANG_WARN_UNREACHABLE_CODE = YES;
				CLANG_WARN__DUPLICATE_METHOD_MATCH = YES;
				"CODE_SIGN_IDENTITY[sdk=iphoneos*]" = "iPhone Developer";
				COPY_PHASE_STRIP = NO;
				DEBUG_INFORMATION_FORMAT = "dwarf-with-dsym";
				ENABLE_NS_ASSERTIONS = NO;
				ENABLE_STRICT_OBJC_MSGSEND = YES;
				GCC_C_LANGUAGE_STANDARD = gnu99;
				GCC_NO_COMMON_BLOCKS = YES;
				GCC_WARN_64_TO_32_BIT_CONVERSION = YES;
				GCC_WARN_ABOUT_RETURN_TYPE = YES_ERROR;
				GCC_WARN_UNDECLARED_SELECTOR = YES;
				GCC_WARN_UNINITIALIZED_AUTOS = YES_AGGRESSIVE;
				GCC_WARN_UNUSED_FUNCTION = YES;
				GCC_WARN_UNUSED_VARIABLE = YES;
				IPHONEOS_DEPLOYMENT_TARGET = 10.3;
				MTL_ENABLE_DEBUG_INFO = NO;
				SDKROOT = iphoneos;
				SWIFT_OPTIMIZATION_LEVEL = "-Owholemodule";
				TARGETED_DEVICE_FAMILY = "1,2";
				VALIDATE_PRODUCT = YES;
			};
			name = Release;
		};
		64865B0F1F30696E00CADA4F /* Debug */ = {
			isa = XCBuildConfiguration;
			buildSettings = {
				ASSETCATALOG_COMPILER_APPICON_NAME = AppIcon;
				INFOPLIST_FILE = TableView/Info.plist;
				LD_RUNPATH_SEARCH_PATHS = "$(inherited) @executable_path/Frameworks";
				PRODUCT_BUNDLE_IDENTIFIER = nacoda.swift.TableView;
				PRODUCT_NAME = "$(TARGET_NAME)";
				SWIFT_VERSION = 3.0;
			};
			name = Debug;
		};
		64865B101F30696E00CADA4F /* Release */ = {
			isa = XCBuildConfiguration;
			buildSettings = {
				ASSETCATALOG_COMPILER_APPICON_NAME = AppIcon;
				INFOPLIST_FILE = TableView/Info.plist;
				LD_RUNPATH_SEARCH_PATHS = "$(inherited) @executable_path/Frameworks";
				PRODUCT_BUNDLE_IDENTIFIER = nacoda.swift.TableView;
				PRODUCT_NAME = "$(TARGET_NAME)";
				SWIFT_VERSION = 3.0;
			};
			name = Release;
		};
		64865B121F30696E00CADA4F /* Debug */ = {
			isa = XCBuildConfiguration;
			buildSettings = {
				ALWAYS_EMBED_SWIFT_STANDARD_LIBRARIES = YES;
				BUNDLE_LOADER = "$(TEST_HOST)";
				INFOPLIST_FILE = TableViewTests/Info.plist;
				LD_RUNPATH_SEARCH_PATHS = "$(inherited) @executable_path/Frameworks @loader_path/Frameworks";
				PRODUCT_BUNDLE_IDENTIFIER = nacoda.swift.TableViewTests;
				PRODUCT_NAME = "$(TARGET_NAME)";
				SWIFT_VERSION = 3.0;
				TEST_HOST = "$(BUILT_PRODUCTS_DIR)/TableView.app/TableView";
			};
			name = Debug;
		};
		64865B131F30696E00CADA4F /* Release */ = {
			isa = XCBuildConfiguration;
			buildSettings = {
				ALWAYS_EMBED_SWIFT_STANDARD_LIBRARIES = YES;
				BUNDLE_LOADER = "$(TEST_HOST)";
				INFOPLIST_FILE = TableViewTests/Info.plist;
				LD_RUNPATH_SEARCH_PATHS = "$(inherited) @executable_path/Frameworks @loader_path/Frameworks";
				PRODUCT_BUNDLE_IDENTIFIER = nacoda.swift.TableViewTests;
				PRODUCT_NAME = "$(TARGET_NAME)";
				SWIFT_VERSION = 3.0;
				TEST_HOST = "$(BUILT_PRODUCTS_DIR)/TableView.app/TableView";
			};
			name = Release;
		};
		64865B151F30696E00CADA4F /* Debug */ = {
			isa = XCBuildConfiguration;
			buildSettings = {
				ALWAYS_EMBED_SWIFT_STANDARD_LIBRARIES = YES;
				INFOPLIST_FILE = TableViewUITests/Info.plist;
				LD_RUNPATH_SEARCH_PATHS = "$(inherited) @executable_path/Frameworks @loader_path/Frameworks";
				PRODUCT_BUNDLE_IDENTIFIER = nacoda.swift.TableViewUITests;
				PRODUCT_NAME = "$(TARGET_NAME)";
				SWIFT_VERSION = 3.0;
				TEST_TARGET_NAME = TableView;
			};
			name = Debug;
		};
		64865B161F30696E00CADA4F /* Release */ = {
			isa = XCBuildConfiguration;
			buildSettings = {
				ALWAYS_EMBED_SWIFT_STANDARD_LIBRARIES = YES;
				INFOPLIST_FILE = TableViewUITests/Info.plist;
				LD_RUNPATH_SEARCH_PATHS = "$(inherited) @executable_path/Frameworks @loader_path/Frameworks";
				PRODUCT_BUNDLE_IDENTIFIER = nacoda.swift.TableViewUITests;
				PRODUCT_NAME = "$(TARGET_NAME)";
				SWIFT_VERSION = 3.0;
				TEST_TARGET_NAME = TableView;
			};
			name = Release;
		};
/* End XCBuildConfiguration section */

/* Begin XCConfigurationList section */
		64865AE11F30696E00CADA4F /* Build configuration list for PBXProject "TableView" */ = {
			isa = XCConfigurationList;
			buildConfigurations = (
				64865B0C1F30696E00CADA4F /* Debug */,
				64865B0D1F30696E00CADA4F /* Release */,
			);
			defaultConfigurationIsVisible = 0;
			defaultConfigurationName = Release;
		};
		64865B0E1F30696E00CADA4F /* Build configuration list for PBXNativeTarget "TableView" */ = {
			isa = XCConfigurationList;
			buildConfigurations = (
				64865B0F1F30696E00CADA4F /* Debug */,
				64865B101F30696E00CADA4F /* Release */,
			);
			defaultConfigurationIsVisible = 0;
		};
		64865B111F30696E00CADA4F /* Build configuration list for PBXNativeTarget "TableViewTests" */ = {
			isa = XCConfigurationList;
			buildConfigurations = (
				64865B121F30696E00CADA4F /* Debug */,
				64865B131F30696E00CADA4F /* Release */,
			);
			defaultConfigurationIsVisible = 0;
		};
		64865B141F30696E00CADA4F /* Build configuration list for PBXNativeTarget "TableViewUITests" */ = {
			isa = XCConfigurationList;
			buildConfigurations = (
				64865B151F30696E00CADA4F /* Debug */,
				64865B161F30696E00CADA4F /* Release */,
			);
			defaultConfigurationIsVisible = 0;
		};
/* End XCConfigurationList section */
	};
	rootObject = 64865ADE1F30696E00CADA4F /* Project object */;
}
